
Microsoft Visual Studio Solution File, Format Version 12.00
# Visual Studio Version 16
VisualStudioVersion = 16.0.32901.82
MinimumVisualStudioVersion = 10.0.40219.1
Project("{9A19103F-16F7-4668-BE54-9A1E7A4F7556}") = "WebApplication2", "WebApplication2.csproj", "{F4EF339E-4AAA-4DEA-94A1-8DE4FD4EFB3C}"
EndProject
Global
	GlobalSection(SolutionConfigurationPlatforms) = preSolution
		Debug|Any CPU = Debug|Any CPU
		Release|Any CPU = Release|Any CPU
	EndGlobalSection
	GlobalSection(ProjectConfigurationPlatforms) = postSolution
		{F4EF339E-4AAA-4DEA-94A1-8DE4FD4EFB3C}.Debug|Any CPU.ActiveCfg = Debug|Any CPU
		{F4EF339E-4AAA-4DEA-94A1-8DE4FD4EFB3C}.Debug|Any CPU.Build.0 = Debug|Any CPU
		{F4EF339E-4AAA-4DEA-94A1-8DE4FD4EFB3C}.Release|Any CPU.ActiveCfg = Release|Any CPU
		{F4EF339E-4AAA-4DEA-94A1-8DE4FD4EFB3C}.Release|Any CPU.Build.0 = Release|Any CPU
	EndGlobalSection
	GlobalSection(SolutionProperties) = preSolution
		HideSolutionNode = FALSE
	EndGlobalSection
	GlobalSection(ExtensibilityGlobals) = postSolution
		SolutionGuid = {A9F1D881-356C-439D-B946-2D71D4942640}
	EndGlobalSection
EndGlobal
